// !$*UTF8*$!
{
	archiveVersion = 1;
	classes = {
	};
	objectVersion = 50;
	objects = {

/* Begin PBXBuildFile section */
		84B3180E21E5D7B3008B89C2 /* AppDelegate.m in Sources */ = {isa = PBXBuildFile; fileRef = 84B3180D21E5D7B3008B89C2 /* AppDelegate.m */; };
		84B3181121E5D7B3008B89C2 /* ViewController.m in Sources */ = {isa = PBXBuildFile; fileRef = 84B3181021E5D7B3008B89C2 /* ViewController.m */; };
		84B3181421E5D7B3008B89C2 /* Main.storyboard in Resources */ = {isa = PBXBuildFile; fileRef = 84B3181221E5D7B3008B89C2 /* Main.storyboard */; };
		84B3181621E5D7B6008B89C2 /* Assets.xcassets in Resources */ = {isa = PBXBuildFile; fileRef = 84B3181521E5D7B6008B89C2 /* Assets.xcassets */; };
		84B3181921E5D7B6008B89C2 /* LaunchScreen.storyboard in Resources */ = {isa = PBXBuildFile; fileRef = 84B3181721E5D7B6008B89C2 /* LaunchScreen.storyboard */; };
		84B3181C21E5D7B6008B89C2 /* main.m in Sources */ = {isa = PBXBuildFile; fileRef = 84B3181B21E5D7B6008B89C2 /* main.m */; };
		84B3182621E5D7B6008B89C2 /* RXPhotoBrowseTests.m in Sources */ = {isa = PBXBuildFile; fileRef = 84B3182521E5D7B6008B89C2 /* RXPhotoBrowseTests.m */; };
		84B3183121E5D7B6008B89C2 /* RXPhotoBrowseUITests.m in Sources */ = {isa = PBXBuildFile; fileRef = 84B3183021E5D7B6008B89C2 /* RXPhotoBrowseUITests.m */; };
		84B3184321E5D7CF008B89C2 /* PhotoBrowseCell.m in Sources */ = {isa = PBXBuildFile; fileRef = 84B3184121E5D7CE008B89C2 /* PhotoBrowseCell.m */; };
		84B3184421E5D7CF008B89C2 /* RXPhotoBrowse.m in Sources */ = {isa = PBXBuildFile; fileRef = 84B3184221E5D7CE008B89C2 /* RXPhotoBrowse.m */; };
		ABBF0CD6D5227BD0043EA0E6 /* libPods-RXPhotoBrowse.a in Frameworks */ = {isa = PBXBuildFile; fileRef = 9F6FA863CC02934D28CED527 /* libPods-RXPhotoBrowse.a */; };
/* End PBXBuildFile section */

/* Begin PBXContainerItemProxy section */
		84B3182221E5D7B6008B89C2 /* PBXContainerItemProxy */ = {
			isa = PBXContainerItemProxy;
			containerPortal = 84B3180121E5D7B3008B89C2 /* Project object */;
			proxyType = 1;
			remoteGlobalIDString = 84B3180821E5D7B3008B89C2;
			remoteInfo = RXPhotoBrowse;
		};
		84B3182D21E5D7B6008B89C2 /* PBXContainerItemProxy */ = {
			isa = PBXContainerItemProxy;
			containerPortal = 84B3180121E5D7B3008B89C2 /* Project object */;
			proxyType = 1;
			remoteGlobalIDString = 84B3180821E5D7B3008B89C2;
			remoteInfo = RXPhotoBrowse;
		};
/* End PBXContainerItemProxy section */

/* Begin PBXFileReference section */
		59BEF0CD477463CF332FBECB /* Pods-RXPhotoBrowse.release.xcconfig */ = {isa = PBXFileReference; includeInIndex = 1; lastKnownFileType = text.xcconfig; name = "Pods-RXPhotoBrowse.release.xcconfig"; path = "Pods/Target Support Files/Pods-RXPhotoBrowse/Pods-RXPhotoBrowse.release.xcconfig"; sourceTree = "<group>"; };
		84B3180921E5D7B3008B89C2 /* RXPhotoBrowse.app */ = {isa = PBXFileReference; explicitFileType = wrapper.application; includeInIndex = 0; path = RXPhotoBrowse.app; sourceTree = BUILT_PRODUCTS_DIR; };
		84B3180C21E5D7B3008B89C2 /* AppDelegate.h */ = {isa = PBXFileReference; lastKnownFileType = sourcecode.c.h; path = AppDelegate.h; sourceTree = "<group>"; };
		84B3180D21E5D7B3008B89C2 /* AppDelegate.m */ = {isa = PBXFileReference; lastKnownFileType = sourcecode.c.objc; path = AppDelegate.m; sourceTree = "<group>"; };
		84B3180F21E5D7B3008B89C2 /* ViewController.h */ = {isa = PBXFileReference; lastKnownFileType = sourcecode.c.h; path = ViewController.h; sourceTree = "<group>"; };
		84B3181021E5D7B3008B89C2 /* ViewController.m */ = {isa = PBXFileReference; lastKnownFileType = sourcecode.c.objc; path = ViewController.m; sourceTree = "<group>"; };
		84B3181321E5D7B3008B89C2 /* Base */ = {isa = PBXFileReference; lastKnownFileType = file.storyboard; name = Base; path = Base.lproj/Main.storyboard; sourceTree = "<group>"; };
		84B3181521E5D7B6008B89C2 /* Assets.xcassets */ = {isa = PBXFileReference; lastKnownFileType = folder.assetcatalog; path = Assets.xcassets; sourceTree = "<group>"; };
		84B3181821E5D7B6008B89C2 /* Base */ = {isa = PBXFileReference; lastKnownFileType = file.storyboard; name = Base; path = Base.lproj/LaunchScreen.storyboard; sourceTree = "<group>"; };
		84B3181A21E5D7B6008B89C2 /* Info.plist */ = {isa = PBXFileReference; lastKnownFileType = text.plist.xml; path = Info.plist; sourceTree = "<group>"; };
		84B3181B21E5D7B6008B89C2 /* main.m */ = {isa = PBXFileReference; lastKnownFileType = sourcecode.c.objc; path = main.m; sourceTree = "<group>"; };
		84B3182121E5D7B6008B89C2 /* RXPhotoBrowseTests.xctest */ = {isa = PBXFileReference; explicitFileType = wrapper.cfbundle; includeInIndex = 0; path = RXPhotoBrowseTests.xctest; sourceTree = BUILT_PRODUCTS_DIR; };
		84B3182521E5D7B6008B89C2 /* RXPhotoBrowseTests.m */ = {isa = PBXFileReference; lastKnownFileType = sourcecode.c.objc; path = RXPhotoBrowseTests.m; sourceTree = "<group>"; };
		84B3182721E5D7B6008B89C2 /* Info.plist */ = {isa = PBXFileReference; lastKnownFileType = text.plist.xml; path = Info.plist; sourceTree = "<group>"; };
		84B3182C21E5D7B6008B89C2 /* RXPhotoBrowseUITests.xctest */ = {isa = PBXFileReference; explicitFileType = wrapper.cfbundle; includeInIndex = 0; path = RXPhotoBrowseUITests.xctest; sourceTree = BUILT_PRODUCTS_DIR; };
		84B3183021E5D7B6008B89C2 /* RXPhotoBrowseUITests.m */ = {isa = PBXFileReference; lastKnownFileType = sourcecode.c.objc; path = RXPhotoBrowseUITests.m; sourceTree = "<group>"; };
		84B3183221E5D7B6008B89C2 /* Info.plist */ = {isa = PBXFileReference; lastKnownFileType = text.plist.xml; path = Info.plist; sourceTree = "<group>"; };
		84B3183F21E5D7CE008B89C2 /* PhotoBrowseCell.h */ = {isa = PBXFileReference; fileEncoding = 4; lastKnownFileType = sourcecode.c.h; path = PhotoBrowseCell.h; sourceTree = "<group>"; };
		84B3184021E5D7CE008B89C2 /* RXPhotoBrowse.h */ = {isa = PBXFileReference; fileEncoding = 4; lastKnownFileType = sourcecode.c.h; path = RXPhotoBrowse.h; sourceTree = "<group>"; };
		84B3184121E5D7CE008B89C2 /* PhotoBrowseCell.m */ = {isa = PBXFileReference; fileEncoding = 4; lastKnownFileType = sourcecode.c.objc; path = PhotoBrowseCell.m; sourceTree = "<group>"; };
		84B3184221E5D7CE008B89C2 /* RXPhotoBrowse.m */ = {isa = PBXFileReference; fileEncoding = 4; lastKnownFileType = sourcecode.c.objc; path = RXPhotoBrowse.m; sourceTree = "<group>"; };
		9F6FA863CC02934D28CED527 /* libPods-RXPhotoBrowse.a */ = {isa = PBXFileReference; explicitFileType = archive.ar; includeInIndex = 0; path = "libPods-RXPhotoBrowse.a"; sourceTree = BUILT_PRODUCTS_DIR; };
		D875674A2917EBB22153D47B /* Pods-RXPhotoBrowse.debug.xcconfig */ = {isa = PBXFileReference; includeInIndex = 1; lastKnownFileType = text.xcconfig; name = "Pods-RXPhotoBrowse.debug.xcconfig"; path = "Pods/Target Support Files/Pods-RXPhotoBrowse/Pods-RXPhotoBrowse.debug.xcconfig"; sourceTree = "<group>"; };
/* End PBXFileReference section */

/* Begin PBXFrameworksBuildPhase section */
		84B3180621E5D7B3008B89C2 /* Frameworks */ = {
			isa = PBXFrameworksBuildPhase;
			buildActionMask = 2147483647;
			files = (
				ABBF0CD6D5227BD0043EA0E6 /* libPods-RXPhotoBrowse.a in Frameworks */,
			);
			runOnlyForDeploymentPostprocessing = 0;
		};
		84B3181E21E5D7B6008B89C2 /* Frameworks */ = {
			isa = PBXFrameworksBuildPhase;
			buildActionMask = 2147483647;
			files = (
			);
			runOnlyForDeploymentPostprocessing = 0;
		};
		84B3182921E5D7B6008B89C2 /* Frameworks */ = {
			isa = PBXFrameworksBuildPhase;
			buildActionMask = 2147483647;
			files = (
			);
			runOnlyForDeploymentPostprocessing = 0;
		};
/* End PBXFrameworksBuildPhase section */

/* Begin PBXGroup section */
		208C7F1DDB4D50A347EA5040 /* Frameworks */ = {
			isa = PBXGroup;
			children = (
				9F6FA863CC02934D28CED527 /* libPods-RXPhotoBrowse.a */,
			);
			name = Frameworks;
			sourceTree = "<group>";
		};
		84B3180021E5D7B3008B89C2 = {
			isa = PBXGroup;
			children = (
				84B3180B21E5D7B3008B89C2 /* RXPhotoBrowse */,
				84B3182421E5D7B6008B89C2 /* RXPhotoBrowseTests */,
				84B3182F21E5D7B6008B89C2 /* RXPhotoBrowseUITests */,
				84B3180A21E5D7B3008B89C2 /* Products */,
				FF59862F3262E7E1840DFB4F /* Pods */,
				208C7F1DDB4D50A347EA5040 /* Frameworks */,
			);
			sourceTree = "<group>";
		};
		84B3180A21E5D7B3008B89C2 /* Products */ = {
			isa = PBXGroup;
			children = (
				84B3180921E5D7B3008B89C2 /* RXPhotoBrowse.app */,
				84B3182121E5D7B6008B89C2 /* RXPhotoBrowseTests.xctest */,
				84B3182C21E5D7B6008B89C2 /* RXPhotoBrowseUITests.xctest */,
			);
			name = Products;
			sourceTree = "<group>";
		};
		84B3180B21E5D7B3008B89C2 /* RXPhotoBrowse */ = {
			isa = PBXGroup;
			children = (
				84B3183E21E5D7CE008B89C2 /* DKPhotoBrowse */,
				84B3180C21E5D7B3008B89C2 /* AppDelegate.h */,
				84B3180D21E5D7B3008B89C2 /* AppDelegate.m */,
				84B3180F21E5D7B3008B89C2 /* ViewController.h */,
				84B3181021E5D7B3008B89C2 /* ViewController.m */,
				84B3181221E5D7B3008B89C2 /* Main.storyboard */,
				84B3181521E5D7B6008B89C2 /* Assets.xcassets */,
				84B3181721E5D7B6008B89C2 /* LaunchScreen.storyboard */,
				84B3181A21E5D7B6008B89C2 /* Info.plist */,
				84B3181B21E5D7B6008B89C2 /* main.m */,
			);
			path = RXPhotoBrowse;
			sourceTree = "<group>";
		};
		84B3182421E5D7B6008B89C2 /* RXPhotoBrowseTests */ = {
			isa = PBXGroup;
			children = (
				84B3182521E5D7B6008B89C2 /* RXPhotoBrowseTests.m */,
				84B3182721E5D7B6008B89C2 /* Info.plist */,
			);
			path = RXPhotoBrowseTests;
			sourceTree = "<group>";
		};
		84B3182F21E5D7B6008B89C2 /* RXPhotoBrowseUITests */ = {
			isa = PBXGroup;
			children = (
				84B3183021E5D7B6008B89C2 /* RXPhotoBrowseUITests.m */,
				84B3183221E5D7B6008B89C2 /* Info.plist */,
			);
			path = RXPhotoBrowseUITests;
			sourceTree = "<group>";
		};
		84B3183E21E5D7CE008B89C2 /* DKPhotoBrowse */ = {
			isa = PBXGroup;
			children = (
				84B3184021E5D7CE008B89C2 /* RXPhotoBrowse.h */,
				84B3184221E5D7CE008B89C2 /* RXPhotoBrowse.m */,
				84B3183F21E5D7CE008B89C2 /* PhotoBrowseCell.h */,
				84B3184121E5D7CE008B89C2 /* PhotoBrowseCell.m */,
			);
			path = DKPhotoBrowse;
			sourceTree = "<group>";
		};
		FF59862F3262E7E1840DFB4F /* Pods */ = {
			isa = PBXGroup;
			children = (
				D875674A2917EBB22153D47B /* Pods-RXPhotoBrowse.debug.xcconfig */,
				59BEF0CD477463CF332FBECB /* Pods-RXPhotoBrowse.release.xcconfig */,
			);
			name = Pods;
			sourceTree = "<group>";
		};
/* End PBXGroup section */

/* Begin PBXNativeTarget section */
		84B3180821E5D7B3008B89C2 /* RXPhotoBrowse */ = {
			isa = PBXNativeTarget;
			buildConfigurationList = 84B3183521E5D7B6008B89C2 /* Build configuration list for PBXNativeTarget "RXPhotoBrowse" */;
			buildPhases = (
				50331FA768867C5F6DB44A12 /* [CP] Check Pods Manifest.lock */,
				84B3180521E5D7B3008B89C2 /* Sources */,
				84B3180621E5D7B3008B89C2 /* Frameworks */,
				84B3180721E5D7B3008B89C2 /* Resources */,
			);
			buildRules = (
			);
			dependencies = (
			);
			name = RXPhotoBrowse;
			productName = RXPhotoBrowse;
			productReference = 84B3180921E5D7B3008B89C2 /* RXPhotoBrowse.app */;
			productType = "com.apple.product-type.application";
		};
		84B3182021E5D7B6008B89C2 /* RXPhotoBrowseTests */ = {
			isa = PBXNativeTarget;
			buildConfigurationList = 84B3183821E5D7B6008B89C2 /* Build configuration list for PBXNativeTarget "RXPhotoBrowseTests" */;
			buildPhases = (
				84B3181D21E5D7B6008B89C2 /* Sources */,
				84B3181E21E5D7B6008B89C2 /* Frameworks */,
				84B3181F21E5D7B6008B89C2 /* Resources */,
			);
			buildRules = (
			);
			dependencies = (
				84B3182321E5D7B6008B89C2 /* PBXTargetDependency */,
			);
			name = RXPhotoBrowseTests;
			productName = RXPhotoBrowseTests;
			productReference = 84B3182121E5D7B6008B89C2 /* RXPhotoBrowseTests.xctest */;
			productType = "com.apple.product-type.bundle.unit-test";
		};
		84B3182B21E5D7B6008B89C2 /* RXPhotoBrowseUITests */ = {
			isa = PBXNativeTarget;
			buildConfigurationList = 84B3183B21E5D7B6008B89C2 /* Build configuration list for PBXNativeTarget "RXPhotoBrowseUITests" */;
			buildPhases = (
				84B3182821E5D7B6008B89C2 /* Sources */,
				84B3182921E5D7B6008B89C2 /* Frameworks */,
				84B3182A21E5D7B6008B89C2 /* Resources */,
			);
			buildRules = (
			);
			dependencies = (
				84B3182E21E5D7B6008B89C2 /* PBXTargetDependency */,
			);
			name = RXPhotoBrowseUITests;
			productName = RXPhotoBrowseUITests;
			productReference = 84B3182C21E5D7B6008B89C2 /* RXPhotoBrowseUITests.xctest */;
			productType = "com.apple.product-type.bundle.ui-testing";
		};
/* End PBXNativeTarget section */

/* Begin PBXProject section */
		84B3180121E5D7B3008B89C2 /* Project object */ = {
			isa = PBXProject;
			attributes = {
				LastUpgradeCheck = 1010;
				ORGANIZATIONNAME = LU;
				TargetAttributes = {
					84B3180821E5D7B3008B89C2 = {
						CreatedOnToolsVersion = 10.1;
					};
					84B3182021E5D7B6008B89C2 = {
						CreatedOnToolsVersion = 10.1;
						TestTargetID = 84B3180821E5D7B3008B89C2;
					};
					84B3182B21E5D7B6008B89C2 = {
						CreatedOnToolsVersion = 10.1;
						TestTargetID = 84B3180821E5D7B3008B89C2;
					};
				};
			};
			buildConfigurationList = 84B3180421E5D7B3008B89C2 /* Build configuration list for PBXProject "RXPhotoBrowse" */;
			compatibilityVersion = "Xcode 9.3";
			developmentRegion = en;
			hasScannedForEncodings = 0;
			knownRegions = (
				en,
				Base,
			);
			mainGroup = 84B3180021E5D7B3008B89C2;
			productRefGroup = 84B3180A21E5D7B3008B89C2 /* Products */;
			projectDirPath = "";
			projectRoot = "";
			targets = (
				84B3180821E5D7B3008B89C2 /* RXPhotoBrowse */,
				84B3182021E5D7B6008B89C2 /* RXPhotoBrowseTests */,
				84B3182B21E5D7B6008B89C2 /* RXPhotoBrowseUITests */,
			);
		};
/* End PBXProject section */

/* Begin PBXResourcesBuildPhase section */
		84B3180721E5D7B3008B89C2 /* Resources */ = {
			isa = PBXResourcesBuildPhase;
			buildActionMask = 2147483647;
			files = (
				84B3181921E5D7B6008B89C2 /* LaunchScreen.storyboard in Resources */,
				84B3181621E5D7B6008B89C2 /* Assets.xcassets in Resources */,
				84B3181421E5D7B3008B89C2 /* Main.storyboard in Resources */,
			);
			runOnlyForDeploymentPostprocessing = 0;
		};
		84B3181F21E5D7B6008B89C2 /* Resources */ = {
			isa = PBXResourcesBuildPhase;
			buildActionMask = 2147483647;
			files = (
			);
			runOnlyForDeploymentPostprocessing = 0;
		};
		84B3182A21E5D7B6008B89C2 /* Resources */ = {
			isa = PBXResourcesBuildPhase;
			buildActionMask = 2147483647;
			files = (
			);
			runOnlyForDeploymentPostprocessing = 0;
		};
/* End PBXResourcesBuildPhase section */

/* Begin PBXShellScriptBuildPhase section */
		50331FA768867C5F6DB44A12 /* [CP] Check Pods Manifest.lock */ = {
			isa = PBXShellScriptBuildPhase;
			buildActionMask = 2147483647;
			files = (
			);
			inputPaths = (
				"${PODS_PODFILE_DIR_PATH}/Podfile.lock",
				"${PODS_ROOT}/Manifest.lock",
			);
			name = "[CP] Check Pods Manifest.lock";
			outputPaths = (
				"$(DERIVED_FILE_DIR)/Pods-RXPhotoBrowse-checkManifestLockResult.txt",
			);
			runOnlyForDeploymentPostprocessing = 0;
			shellPath = /bin/sh;
			shellScript = "diff \"${PODS_PODFILE_DIR_PATH}/Podfile.lock\" \"${PODS_ROOT}/Manifest.lock\" > /dev/null\nif [ $? != 0 ] ; then\n    # print error to STDERR\n    echo \"error: The sandbox is not in sync with the Podfile.lock. Run 'pod install' or update your CocoaPods installation.\" >&2\n    exit 1\nfi\n# This output is used by Xcode 'outputs' to avoid re-running this script phase.\necho \"SUCCESS\" > \"${SCRIPT_OUTPUT_FILE_0}\"\n";
			showEnvVarsInLog = 0;
		};
/* End PBXShellScriptBuildPhase section */

/* Begin PBXSourcesBuildPhase section */
		84B3180521E5D7B3008B89C2 /* Sources */ = {
			isa = PBXSourcesBuildPhase;
			buildActionMask = 2147483647;
			files = (
				84B3184321E5D7CF008B89C2 /* PhotoBrowseCell.m in Sources */,
				84B3181121E5D7B3008B89C2 /* ViewController.m in Sources */,
				84B3181C21E5D7B6008B89C2 /* main.m in Sources */,
				84B3180E21E5D7B3008B89C2 /* AppDelegate.m in Sources */,
				84B3184421E5D7CF008B89C2 /* RXPhotoBrowse.m in Sources */,
			);
			runOnlyForDeploymentPostprocessing = 0;
		};
		84B3181D21E5D7B6008B89C2 /* Sources */ = {
			isa = PBXSourcesBuildPhase;
			buildActionMask = 2147483647;
			files = (
				84B3182621E5D7B6008B89C2 /* RXPhotoBrowseTests.m in Sources */,
			);
			runOnlyForDeploymentPostprocessing = 0;
		};
		84B3182821E5D7B6008B89C2 /* Sources */ = {
			isa = PBXSourcesBuildPhase;
			buildActionMask = 2147483647;
			files = (
				84B3183121E5D7B6008B89C2 /* RXPhotoBrowseUITests.m in Sources */,
			);
			runOnlyForDeploymentPostprocessing = 0;
		};
/* End PBXSourcesBuildPhase section */

/* Begin PBXTargetDependency section */
		84B3182321E5D7B6008B89C2 /* PBXTargetDependency */ = {
			isa = PBXTargetDependency;
			target = 84B3180821E5D7B3008B89C2 /* RXPhotoBrowse */;
			targetProxy = 84B3182221E5D7B6008B89C2 /* PBXContainerItemProxy */;
		};
		84B3182E21E5D7B6008B89C2 /* PBXTargetDependency */ = {
			isa = PBXTargetDependency;
			target = 84B3180821E5D7B3008B89C2 /* RXPhotoBrowse */;
			targetProxy = 84B3182D21E5D7B6008B89C2 /* PBXContainerItemProxy */;
		};
/* End PBXTargetDependency section */

/* Begin PBXVariantGroup section */
		84B3181221E5D7B3008B89C2 /* Main.storyboard */ = {
			isa = PBXVariantGroup;
			children = (
				84B3181321E5D7B3008B89C2 /* Base */,
			);
			name = Main.storyboard;
			sourceTree = "<group>";
		};
		84B3181721E5D7B6008B89C2 /* LaunchScreen.storyboard */ = {
			isa = PBXVariantGroup;
			children = (
				84B3181821E5D7B6008B89C2 /* Base */,
			);
			name = LaunchScreen.storyboard;
			sourceTree = "<group>";
		};
/* End PBXVariantGroup section */

/* Begin XCBuildConfiguration section */
		84B3183321E5D7B6008B89C2 /* Debug */ = {
			isa = XCBuildConfiguration;
			buildSettings = {
				ALWAYS_SEARCH_USER_PATHS = NO;
				CLANG_ANALYZER_NONNULL = YES;
				CLANG_ANALYZER_NUMBER_OBJECT_CONVERSION = YES_AGGRESSIVE;
				CLANG_CXX_LANGUAGE_STANDARD = "gnu++14";
				CLANG_CXX_LIBRARY = "libc++";
				CLANG_ENABLE_MODULES = YES;
				CLANG_ENABLE_OBJC_ARC = YES;
				CLANG_ENABLE_OBJC_WEAK = YES;
				CLANG_WARN_BLOCK_CAPTURE_AUTORELEASING = YES;
				CLANG_WARN_BOOL_CONVERSION = YES;
				CLANG_WARN_COMMA = YES;
				CLANG_WARN_CONSTANT_CONVERSION = YES;
				CLANG_WARN_DEPRECATED_OBJC_IMPLEMENTATIONS = YES;
				CLANG_WARN_DIRECT_OBJC_ISA_USAGE = YES_ERROR;
				CLANG_WARN_DOCUMENTATION_COMMENTS = YES;
				CLANG_WARN_EMPTY_BODY = YES;
				CLANG_WARN_ENUM_CONVERSION = YES;
				CLANG_WARN_INFINITE_RECURSION = YES;
				CLANG_WARN_INT_CONVERSION = YES;
				CLANG_WARN_NON_LITERAL_NULL_CONVERSION = YES;
				CLANG_WARN_OBJC_IMPLICIT_RETAIN_SELF = YES;
				CLANG_WARN_OBJC_LITERAL_CONVERSION = YES;
				CLANG_WARN_OBJC_ROOT_CLASS = YES_ERROR;
				CLANG_WARN_RANGE_LOOP_ANALYSIS = YES;
				CLANG_WARN_STRICT_PROTOTYPES = YES;
				CLANG_WARN_SUSPICIOUS_MOVE = YES;
				CLANG_WARN_UNGUARDED_AVAILABILITY = YES_AGGRESSIVE;
				CLANG_WARN_UNREACHABLE_CODE = YES;
				CLANG_WARN__DUPLICATE_METHOD_MATCH = YES;
				CODE_SIGN_IDENTITY = "iPhone Developer";
				COPY_PHASE_STRIP = NO;
				DEBUG_INFORMATION_FORMAT = dwarf;
				ENABLE_STRICT_OBJC_MSGSEND = YES;
				ENABLE_TESTABILITY = YES;
				GCC_C_LANGUAGE_STANDARD = gnu11;
				GCC_DYNAMIC_NO_PIC = NO;
				GCC_NO_COMMON_BLOCKS = YES;
				GCC_OPTIMIZATION_LEVEL = 0;
				GCC_PREPROCESSOR_DEFINITIONS = (
					"DEBUG=1",
					"$(inherited)",
				);
				GCC_WARN_64_TO_32_BIT_CONVERSION = YES;
				GCC_WARN_ABOUT_RETURN_TYPE = YES_ERROR;
				GCC_WARN_UNDECLARED_SELECTOR = YES;
				GCC_WARN_UNINITIALIZED_AUTOS = YES_AGGRESSIVE;
				GCC_WARN_UNUSED_FUNCTION = YES;
				GCC_WARN_UNUSED_VARIABLE = YES;
				IPHONEOS_DEPLOYMENT_TARGET = 12.1;
				MTL_ENABLE_DEBUG_INFO = INCLUDE_SOURCE;
				MTL_FAST_MATH = YES;
				ONLY_ACTIVE_ARCH = YES;
				SDKROOT = iphoneos;
			};
			name = Debug;
		};
		84B3183421E5D7B6008B89C2 /* Release */ = {
			isa = XCBuildConfiguration;
			buildSettings = {
				ALWAYS_SEARCH_USER_PATHS = NO;
				CLANG_ANALYZER_NONNULL = YES;
				CLANG_ANALYZER_NUMBER_OBJECT_CONVERSION = YES_AGGRESSIVE;
				CLANG_CXX_LANGUAGE_STANDARD = "gnu++14";
				CLANG_CXX_LIBRARY = "libc++";
				CLANG_ENABLE_MODULES = YES;
				CLANG_ENABLE_OBJC_ARC = YES;
				CLANG_ENABLE_OBJC_WEAK = YES;
				CLANG_WARN_BLOCK_CAPTURE_AUTORELEASING = YES;
				CLANG_WARN_BOOL_CONVERSION = YES;
				CLANG_WARN_COMMA = YES;
				CLANG_WARN_CONSTANT_CONVERSION = YES;
				CLANG_WARN_DEPRECATED_OBJC_IMPLEMENTATIONS = YES;
				CLANG_WARN_DIRECT_OBJC_ISA_USAGE = YES_ERROR;
				CLANG_WARN_DOCUMENTATION_COMMENTS = YES;
				CLANG_WARN_EMPTY_BODY = YES;
				CLANG_WARN_ENUM_CONVERSION = YES;
				CLANG_WARN_INFINITE_RECURSION = YES;
				CLANG_WARN_INT_CONVERSION = YES;
				CLANG_WARN_NON_LITERAL_NULL_CONVERSION = YES;
				CLANG_WARN_OBJC_IMPLICIT_RETAIN_SELF = YES;
				CLANG_WARN_OBJC_LITERAL_CONVERSION = YES;
				CLANG_WARN_OBJC_ROOT_CLASS = YES_ERROR;
				CLANG_WARN_RANGE_LOOP_ANALYSIS = YES;
				CLANG_WARN_STRICT_PROTOTYPES = YES;
				CLANG_WARN_SUSPICIOUS_MOVE = YES;
				CLANG_WARN_UNGUARDED_AVAILABILITY = YES_AGGRESSIVE;
				CLANG_WARN_UNREACHABLE_CODE = YES;
				CLANG_WARN__DUPLICATE_METHOD_MATCH = YES;
				CODE_SIGN_IDENTITY = "iPhone Developer";
				COPY_PHASE_STRIP = NO;
				DEBUG_INFORMATION_FORMAT = "dwarf-with-dsym";
				ENABLE_NS_ASSERTIONS = NO;
				ENABLE_STRICT_OBJC_MSGSEND = YES;
				GCC_C_LANGUAGE_STANDARD = gnu11;
				GCC_NO_COMMON_BLOCKS = YES;
				GCC_WARN_64_TO_32_BIT_CONVERSION = YES;
				GCC_WARN_ABOUT_RETURN_TYPE = YES_ERROR;
				GCC_WARN_UNDECLARED_SELECTOR = YES;
				GCC_WARN_UNINITIALIZED_AUTOS = YES_AGGRESSIVE;
				GCC_WARN_UNUSED_FUNCTION = YES;
				GCC_WARN_UNUSED_VARIABLE = YES;
				IPHONEOS_DEPLOYMENT_TARGET = 12.1;
				MTL_ENABLE_DEBUG_INFO = NO;
				MTL_FAST_MATH = YES;
				SDKROOT = iphoneos;
				VALIDATE_PRODUCT = YES;
			};
			name = Release;
		};
		84B3183621E5D7B6008B89C2 /* Debug */ = {
			isa = XCBuildConfiguration;
			baseConfigurationReference = D875674A2917EBB22153D47B /* Pods-RXPhotoBrowse.debug.xcconfig */;
			buildSettings = {
				ASSETCATALOG_COMPILER_APPICON_NAME = AppIcon;
				CODE_SIGN_STYLE = Automatic;
				INFOPLIST_FILE = RXPhotoBrowse/Info.plist;
				IPHONEOS_DEPLOYMENT_TARGET = 9.0;
				LD_RUNPATH_SEARCH_PATHS = (
					"$(inherited)",
					"@executable_path/Frameworks",
				);
				PRODUCT_BUNDLE_IDENTIFIER = com.lu.RXPhotoBrowse;
				PRODUCT_NAME = "$(TARGET_NAME)";
				TARGETED_DEVICE_FAMILY = "1,2";
			};
			name = Debug;
		};
		84B3183721E5D7B6008B89C2 /* Release */ = {
			isa = XCBuildConfiguration;
			baseConfigurationReference = 59BEF0CD477463CF332FBECB /* Pods-RXPhotoBrowse.release.xcconfig */;
			buildSettings = {
				ASSETCATALOG_COMPILER_APPICON_NAME = AppIcon;
				CODE_SIGN_STYLE = Automatic;
				INFOPLIST_FILE = RXPhotoBrowse/Info.plist;
				IPHONEOS_DEPLOYMENT_TARGET = 9.0;
				LD_RUNPATH_SEARCH_PATHS = (
					"$(inherited)",
					"@executable_path/Frameworks",
				);
				PRODUCT_BUNDLE_IDENTIFIER = com.lu.RXPhotoBrowse;
				PRODUCT_NAME = "$(TARGET_NAME)";
				TARGETED_DEVICE_FAMILY = "1,2";
			};
			name = Release;
		};
		84B3183921E5D7B6008B89C2 /* Debug */ = {
			isa = XCBuildConfiguration;
			buildSettings = {
				BUNDLE_LOADER = "$(TEST_HOST)";
				CODE_SIGN_STYLE = Automatic;
				INFOPLIST_FILE = RXPhotoBrowseTests/Info.plist;
				LD_RUNPATH_SEARCH_PATHS = (
					"$(inherited)",
					"@executable_path/Frameworks",
					"@loader_path/Frameworks",
				);
				PRODUCT_BUNDLE_IDENTIFIER = com.lu.RXPhotoBrowseTests;
				PRODUCT_NAME = "$(TARGET_NAME)";
				TARGETED_DEVICE_FAMILY = "1,2";
				TEST_HOST = "$(BUILT_PRODUCTS_DIR)/RXPhotoBrowse.app/RXPhotoBrowse";
			};
			name = Debug;
		};
		84B3183A21E5D7B6008B89C2 /* Release */ = {
			isa = XCBuildConfiguration;
			buildSettings = {
				BUNDLE_LOADER = "$(TEST_HOST)";
				CODE_SIGN_STYLE = Automatic;
				INFOPLIST_FILE = RXPhotoBrowseTests/Info.plist;
				LD_RUNPATH_SEARCH_PATHS = (
					"$(inherited)",
					"@executable_path/Frameworks",
					"@loader_path/Frameworks",
				);
				PRODUCT_BUNDLE_IDENTIFIER = com.lu.RXPhotoBrowseTests;
				PRODUCT_NAME = "$(TARGET_NAME)";
				TARGETED_DEVICE_FAMILY = "1,2";
				TEST_HOST = "$(BUILT_PRODUCTS_DIR)/RXPhotoBrowse.app/RXPhotoBrowse";
			};
			name = Release;
		};
		84B3183C21E5D7B6008B89C2 /* Debug */ = {
			isa = XCBuildConfiguration;
			buildSettings = {
				CODE_SIGN_STYLE = Automatic;
				INFOPLIST_FILE = RXPhotoBrowseUITests/Info.plist;
				LD_RUNPATH_SEARCH_PATHS = (
					"$(inherited)",
					"@executable_path/Frameworks",
					"@loader_path/Frameworks",
				);
				PRODUCT_BUNDLE_IDENTIFIER = com.lu.RXPhotoBrowseUITests;
				PRODUCT_NAME = "$(TARGET_NAME)";
				TARGETED_DEVICE_FAMILY = "1,2";
				TEST_TARGET_NAME = RXPhotoBrowse;
			};
			name = Debug;
		};
		84B3183D21E5D7B6008B89C2 /* Release */ = {
			isa = XCBuildConfiguration;
			buildSettings = {
				CODE_SIGN_STYLE = Automatic;
				INFOPLIST_FILE = RXPhotoBrowseUITests/Info.plist;
				LD_RUNPATH_SEARCH_PATHS = (
					"$(inherited)",
					"@executable_path/Frameworks",
					"@loader_path/Frameworks",
				);
				PRODUCT_BUNDLE_IDENTIFIER = com.lu.RXPhotoBrowseUITests;
				PRODUCT_NAME = "$(TARGET_NAME)";
				TARGETED_DEVICE_FAMILY = "1,2";
				TEST_TARGET_NAME = RXPhotoBrowse;
			};
			name = Release;
		};
/* End XCBuildConfiguration section */

/* Begin XCConfigurationList section */
		84B3180421E5D7B3008B89C2 /* Build configuration list for PBXProject "RXPhotoBrowse" */ = {
			isa = XCConfigurationList;
			buildConfigurations = (
				84B3183321E5D7B6008B89C2 /* Debug */,
				84B3183421E5D7B6008B89C2 /* Release */,
			);
			defaultConfigurationIsVisible = 0;
			defaultConfigurationName = Release;
		};
		84B3183521E5D7B6008B89C2 /* Build configuration list for PBXNativeTarget "RXPhotoBrowse" */ = {
			isa = XCConfigurationList;
			buildConfigurations = (
				84B3183621E5D7B6008B89C2 /* Debug */,
				84B3183721E5D7B6008B89C2 /* Release */,
			);
			defaultConfigurationIsVisible = 0;
			defaultConfigurationName = Release;
		};
		84B3183821E5D7B6008B89C2 /* Build configuration list for PBXNativeTarget "RXPhotoBrowseTests" */ = {
			isa = XCConfigurationList;
			buildConfigurations = (
				84B3183921E5D7B6008B89C2 /* Debug */,
				84B3183A21E5D7B6008B89C2 /* Release */,
			);
			defaultConfigurationIsVisible = 0;
			defaultConfigurationName = Release;
		};
		84B3183B21E5D7B6008B89C2 /* Build configuration list for PBXNativeTarget "RXPhotoBrowseUITests" */ = {
			isa = XCConfigurationList;
			buildConfigurations = (
				84B3183C21E5D7B6008B89C2 /* Debug */,
				84B3183D21E5D7B6008B89C2 /* Release */,
			);
			defaultConfigurationIsVisible = 0;
			defaultConfigurationName = Release;
		};
/* End XCConfigurationList section */
	};
	rootObject = 84B3180121E5D7B3008B89C2 /* Project object */;
}
